
Microsoft Visual Studio Solution File, Format Version 12.00
# Visual Studio 15
VisualStudioVersion = 15.0.27130.2036
MinimumVisualStudioVersion = 10.0.40219.1
Project("{F2A71F9B-5D33-465A-A702-920D77279786}") = "SudokuSolver", "SudokuSolver\SudokuSolver.fsproj", "{FA594270-002F-45E0-B69D-D2E9794FB388}"
EndProject
Project("{2150E333-8FDC-42A3-9474-1A3956D46DE8}") = "Solution Items", "Solution Items", "{EF807AFF-A952-4C88-9E7D-7C6B3151CBCF}"
	ProjectSection(SolutionItems) = preProject
		puzzles.txt = puzzles.txt
		puzzles1000.txt = puzzles1000.txt
	EndProjectSection
EndProject
Global
	GlobalSection(SolutionConfigurationPlatforms) = preSolution
		Debug|Any CPU = Debug|Any CPU
		Release|Any CPU = Release|Any CPU
	EndGlobalSection
	GlobalSection(ProjectConfigurationPlatforms) = postSolution
		{FA594270-002F-45E0-B69D-D2E9794FB388}.Debug|Any CPU.ActiveCfg = Debug|Any CPU
		{FA594270-002F-45E0-B69D-D2E9794FB388}.Debug|Any CPU.Build.0 = Debug|Any CPU
		{FA594270-002F-45E0-B69D-D2E9794FB388}.Release|Any CPU.ActiveCfg = Release|Any CPU
		{FA594270-002F-45E0-B69D-D2E9794FB388}.Release|Any CPU.Build.0 = Release|Any CPU
	EndGlobalSection
	GlobalSection(SolutionProperties) = preSolution
		HideSolutionNode = FALSE
	EndGlobalSection
	GlobalSection(ExtensibilityGlobals) = postSolution
		SolutionGuid = {1A0776D2-8E88-4896-BAA5-EF7C0E6C5F1E}
	EndGlobalSection
EndGlobal
